{
  "name": "pra-lib-app",
  "lockfileVersion": 2,
  "requires": true,
  "packages": {
    "": {
      "dependencies": {
        "pra-lib-10": "^1.0.2"
      }
    },
    "node_modules/pra-lib-10": {
      "version": "1.0.2",
      "resolved": "https://registry.npmjs.org/pra-lib-10/-/pra-lib-10-1.0.2.tgz",
      "integrity": "sha512-wd/8Cj1eAfjHLWF4LofFnHPpe/jGkuN0gsUX6VfZuUqFV/QPEPvZJ65fZaeMQIggf9tmGm2Hm4cqi/H5i8zFgA=="
    }
  },
  "dependencies": {
    "pra-lib-10": {
      "version": "1.0.2",
      "resolved": "https://registry.npmjs.org/pra-lib-10/-/pra-lib-10-1.0.2.tgz",
      "integrity": "sha512-wd/8Cj1eAfjHLWF4LofFnHPpe/jGkuN0gsUX6VfZuUqFV/QPEPvZJ65fZaeMQIggf9tmGm2Hm4cqi/H5i8zFgA=="
    }
  }
}
