{
  "name": "pra-lib-app",
  "lockfileVersion": 2,
  "requires": true,
  "packages": {
    "": {
      "dependencies": {
        "pra-lib-10": "^1.0.1"
      }
    },
    "node_modules/pra-lib-10": {
      "version": "1.0.1",
      "resolved": "https://registry.npmjs.org/pra-lib-10/-/pra-lib-10-1.0.1.tgz",
      "integrity": "sha512-g+WsvztmNJyDJbs+ApPrl8IW8u3FWRBgHLFGKUZVv6XYnPEryKwtfoWADg8i2raaoATNjBEFTZHEHEa41vqPxw=="
    }
  },
  "dependencies": {
    "pra-lib-10": {
      "version": "1.0.1",
      "resolved": "https://registry.npmjs.org/pra-lib-10/-/pra-lib-10-1.0.1.tgz",
      "integrity": "sha512-g+WsvztmNJyDJbs+ApPrl8IW8u3FWRBgHLFGKUZVv6XYnPEryKwtfoWADg8i2raaoATNjBEFTZHEHEa41vqPxw=="
    }
  }
}
